
Microsoft Visual Studio Solution File, Format Version 12.00
# Visual Studio Version 16
VisualStudioVersion = 16.0.31313.79
MinimumVisualStudioVersion = 10.0.40219.1
Project("{FAE04EC0-301F-11D3-BF4B-00C04F79EFBC}") = "MVCusgDPR", "MVCusgDPR\MVCusgDPR.csproj", "{2F4C9BCD-F378-4B64-9D88-CC1F7396DEF0}"
EndProject
Global
	GlobalSection(SolutionConfigurationPlatforms) = preSolution
		Debug|Any CPU = Debug|Any CPU
		Release|Any CPU = Release|Any CPU
	EndGlobalSection
	GlobalSection(ProjectConfigurationPlatforms) = postSolution
		{2F4C9BCD-F378-4B64-9D88-CC1F7396DEF0}.Debug|Any CPU.ActiveCfg = Debug|Any CPU
		{2F4C9BCD-F378-4B64-9D88-CC1F7396DEF0}.Debug|Any CPU.Build.0 = Debug|Any CPU
		{2F4C9BCD-F378-4B64-9D88-CC1F7396DEF0}.Release|Any CPU.ActiveCfg = Release|Any CPU
		{2F4C9BCD-F378-4B64-9D88-CC1F7396DEF0}.Release|Any CPU.Build.0 = Release|Any CPU
	EndGlobalSection
	GlobalSection(SolutionProperties) = preSolution
		HideSolutionNode = FALSE
	EndGlobalSection
	GlobalSection(ExtensibilityGlobals) = postSolution
		SolutionGuid = {BD214C55-28AC-49B4-B72B-99124E3EBEE7}
	EndGlobalSection
EndGlobal
