
Microsoft Visual Studio Solution File, Format Version 12.00
# Visual Studio Version 16
VisualStudioVersion = 16.0.31112.23
MinimumVisualStudioVersion = 10.0.40219.1
Project("{FAE04EC0-301F-11D3-BF4B-00C04F79EFBC}") = "NUnitEg", "NUnitEg\NUnitEg.csproj", "{72EE3E23-1A07-4B5A-B4E9-0ABCF9D4FA55}"
EndProject
Project("{FAE04EC0-301F-11D3-BF4B-00C04F79EFBC}") = "BankTest", "BankTest\BankTest.csproj", "{A578E173-7569-4989-A9C7-918C2F47888A}"
EndProject
Global
	GlobalSection(SolutionConfigurationPlatforms) = preSolution
		Debug|Any CPU = Debug|Any CPU
		Release|Any CPU = Release|Any CPU
	EndGlobalSection
	GlobalSection(ProjectConfigurationPlatforms) = postSolution
		{72EE3E23-1A07-4B5A-B4E9-0ABCF9D4FA55}.Debug|Any CPU.ActiveCfg = Debug|Any CPU
		{72EE3E23-1A07-4B5A-B4E9-0ABCF9D4FA55}.Debug|Any CPU.Build.0 = Debug|Any CPU
		{72EE3E23-1A07-4B5A-B4E9-0ABCF9D4FA55}.Release|Any CPU.ActiveCfg = Release|Any CPU
		{72EE3E23-1A07-4B5A-B4E9-0ABCF9D4FA55}.Release|Any CPU.Build.0 = Release|Any CPU
		{A578E173-7569-4989-A9C7-918C2F47888A}.Debug|Any CPU.ActiveCfg = Debug|Any CPU
		{A578E173-7569-4989-A9C7-918C2F47888A}.Debug|Any CPU.Build.0 = Debug|Any CPU
		{A578E173-7569-4989-A9C7-918C2F47888A}.Release|Any CPU.ActiveCfg = Release|Any CPU
		{A578E173-7569-4989-A9C7-918C2F47888A}.Release|Any CPU.Build.0 = Release|Any CPU
	EndGlobalSection
	GlobalSection(SolutionProperties) = preSolution
		HideSolutionNode = FALSE
	EndGlobalSection
	GlobalSection(ExtensibilityGlobals) = postSolution
		SolutionGuid = {1279B17F-BBFC-4A80-8B2B-539B587D625C}
	EndGlobalSection
EndGlobal
